
Microsoft Visual Studio Solution File, Format Version 12.00
# Visual Studio Version 17
VisualStudioVersion = 17.11.35431.28
MinimumVisualStudioVersion = 10.0.40219.1
Project("{FAE04EC0-301F-11D3-BF4B-00C04F79EFBC}") = "RegIN_Druzhinin", "RegIN_Druzhinin\RegIN_Druzhinin.csproj", "{6803B433-2367-4042-8D99-07B2DDD1C506}"
EndProject
Global
	GlobalSection(SolutionConfigurationPlatforms) = preSolution
		Debug|Any CPU = Debug|Any CPU
		Release|Any CPU = Release|Any CPU
	EndGlobalSection
	GlobalSection(ProjectConfigurationPlatforms) = postSolution
		{6803B433-2367-4042-8D99-07B2DDD1C506}.Debug|Any CPU.ActiveCfg = Debug|Any CPU
		{6803B433-2367-4042-8D99-07B2DDD1C506}.Debug|Any CPU.Build.0 = Debug|Any CPU
		{6803B433-2367-4042-8D99-07B2DDD1C506}.Release|Any CPU.ActiveCfg = Release|Any CPU
		{6803B433-2367-4042-8D99-07B2DDD1C506}.Release|Any CPU.Build.0 = Release|Any CPU
	EndGlobalSection
	GlobalSection(SolutionProperties) = preSolution
		HideSolutionNode = FALSE
	EndGlobalSection
	GlobalSection(ExtensibilityGlobals) = postSolution
		SolutionGuid = {3C8DF024-BCEB-4EA9-B97C-41024962851B}
	EndGlobalSection
EndGlobal
